
Microsoft Visual Studio Solution File, Format Version 12.00
# Visual Studio Version 16
VisualStudioVersion = 16.0.29905.134
MinimumVisualStudioVersion = 10.0.40219.1
Project("{FAE04EC0-301F-11D3-BF4B-00C04F79EFBC}") = "SevenSoft.HttpPrint.Designer", "SevenSoft.HttpPrint.Designer\SevenSoft.HttpPrint.Designer\SevenSoft.HttpPrint.Designer.csproj", "{ED218FC0-A20A-419E-923C-DBF6E1ED4A82}"
EndProject
Project("{FAE04EC0-301F-11D3-BF4B-00C04F79EFBC}") = "SevenSoft.HttpPrint.Utils", "SevenSoft.HttpPrint.Utils\SevenSoft.HttpPrint.Utils\SevenSoft.HttpPrint.Utils.csproj", "{4E755D75-0858-45C5-8CF3-34FECFF5D930}"
EndProject
Project("{FAE04EC0-301F-11D3-BF4B-00C04F79EFBC}") = "SevenSoft.HttpPrint.Service", "SevenSoft.HttpPrint.Service\SevenSoft.HttpPrint.Service\SevenSoft.HttpPrint.Service.csproj", "{428F20D9-4E22-4B30-9E2A-31D7C5881BAF}"
EndProject
Global
	GlobalSection(SolutionConfigurationPlatforms) = preSolution
		Debug|Any CPU = Debug|Any CPU
		Release|Any CPU = Release|Any CPU
	EndGlobalSection
	GlobalSection(ProjectConfigurationPlatforms) = postSolution
		{ED218FC0-A20A-419E-923C-DBF6E1ED4A82}.Debug|Any CPU.ActiveCfg = Debug|Any CPU
		{ED218FC0-A20A-419E-923C-DBF6E1ED4A82}.Debug|Any CPU.Build.0 = Debug|Any CPU
		{ED218FC0-A20A-419E-923C-DBF6E1ED4A82}.Release|Any CPU.ActiveCfg = Release|Any CPU
		{ED218FC0-A20A-419E-923C-DBF6E1ED4A82}.Release|Any CPU.Build.0 = Release|Any CPU
		{4E755D75-0858-45C5-8CF3-34FECFF5D930}.Debug|Any CPU.ActiveCfg = Debug|Any CPU
		{4E755D75-0858-45C5-8CF3-34FECFF5D930}.Debug|Any CPU.Build.0 = Debug|Any CPU
		{4E755D75-0858-45C5-8CF3-34FECFF5D930}.Release|Any CPU.ActiveCfg = Release|Any CPU
		{4E755D75-0858-45C5-8CF3-34FECFF5D930}.Release|Any CPU.Build.0 = Release|Any CPU
		{428F20D9-4E22-4B30-9E2A-31D7C5881BAF}.Debug|Any CPU.ActiveCfg = Debug|Any CPU
		{428F20D9-4E22-4B30-9E2A-31D7C5881BAF}.Debug|Any CPU.Build.0 = Debug|Any CPU
		{428F20D9-4E22-4B30-9E2A-31D7C5881BAF}.Release|Any CPU.ActiveCfg = Release|Any CPU
		{428F20D9-4E22-4B30-9E2A-31D7C5881BAF}.Release|Any CPU.Build.0 = Release|Any CPU
	EndGlobalSection
	GlobalSection(SolutionProperties) = preSolution
		HideSolutionNode = FALSE
	EndGlobalSection
	GlobalSection(ExtensibilityGlobals) = postSolution
		SolutionGuid = {22F8701A-69A4-4050-AEE3-0542B9383F30}
	EndGlobalSection
EndGlobal
